
Microsoft Visual Studio Solution File, Format Version 12.00
# Visual Studio Version 16
VisualStudioVersion = 16.0.29009.5
MinimumVisualStudioVersion = 10.0.40219.1
Project("{FAE04EC0-301F-11D3-BF4B-00C04F79EFBC}") = "Democode", "Democode\Democode.csproj", "{32E39F71-B22E-4331-8123-2CA844F3DB08}"
EndProject
Project("{FAE04EC0-301F-11D3-BF4B-00C04F79EFBC}") = "DemoCodeTests", "DemoCodeTests\DemoCodeTests.csproj", "{56CB6CA4-419F-44C0-904C-240040FA64D2}"
EndProject
Global
	GlobalSection(SolutionConfigurationPlatforms) = preSolution
		Debug|Any CPU = Debug|Any CPU
		Release|Any CPU = Release|Any CPU
	EndGlobalSection
	GlobalSection(ProjectConfigurationPlatforms) = postSolution
		{32E39F71-B22E-4331-8123-2CA844F3DB08}.Debug|Any CPU.ActiveCfg = Debug|Any CPU
		{32E39F71-B22E-4331-8123-2CA844F3DB08}.Debug|Any CPU.Build.0 = Debug|Any CPU
		{32E39F71-B22E-4331-8123-2CA844F3DB08}.Release|Any CPU.ActiveCfg = Release|Any CPU
		{32E39F71-B22E-4331-8123-2CA844F3DB08}.Release|Any CPU.Build.0 = Release|Any CPU
		{56CB6CA4-419F-44C0-904C-240040FA64D2}.Debug|Any CPU.ActiveCfg = Debug|Any CPU
		{56CB6CA4-419F-44C0-904C-240040FA64D2}.Debug|Any CPU.Build.0 = Debug|Any CPU
		{56CB6CA4-419F-44C0-904C-240040FA64D2}.Release|Any CPU.ActiveCfg = Release|Any CPU
		{56CB6CA4-419F-44C0-904C-240040FA64D2}.Release|Any CPU.Build.0 = Release|Any CPU
	EndGlobalSection
	GlobalSection(SolutionProperties) = preSolution
		HideSolutionNode = FALSE
	EndGlobalSection
	GlobalSection(ExtensibilityGlobals) = postSolution
		SolutionGuid = {0B6AB85F-6552-404D-82F3-D3E7CB2128E7}
	EndGlobalSection
EndGlobal
